
Microsoft Visual Studio Solution File, Format Version 12.00
# Visual Studio 14
VisualStudioVersion = 14.0.25420.1
MinimumVisualStudioVersion = 10.0.40219.1
Project("{FAE04EC0-301F-11D3-BF4B-00C04F79EFBC}") = "MantenimientoPedidos.Win", "MantenimientoPedidos.Win\MantenimientoPedidos.Win.csproj", "{E79C0E77-867E-4FF6-8F4A-24607DB70AFD}"
EndProject
Project("{FAE04EC0-301F-11D3-BF4B-00C04F79EFBC}") = "MantenimientoPedidos.BussinesLogic", "MantenimientoPedidos.BussinesLogic\MantenimientoPedidos.BussinesLogic.csproj", "{84D1E822-B2C1-4D7C-A6A0-2BEFEE0EF3BC}"
EndProject
Project("{FAE04EC0-301F-11D3-BF4B-00C04F79EFBC}") = "MantenimientoPedidos.DataAccess", "MantenimientoPedidos.DataAccess\MantenimientoPedidos.DataAccess.csproj", "{2AA5AD9D-56AE-40AD-A358-01AEDEEB4193}"
EndProject
Project("{FAE04EC0-301F-11D3-BF4B-00C04F79EFBC}") = "MantenimientoPedidos.Entities", "MantenimientoPedidos.Entities\MantenimientoPedidos.Entities.csproj", "{1CC3AE7A-6194-4DAC-940E-B55E6F838A79}"
EndProject
Global
	GlobalSection(SolutionConfigurationPlatforms) = preSolution
		Debug|Any CPU = Debug|Any CPU
		Release|Any CPU = Release|Any CPU
	EndGlobalSection
	GlobalSection(ProjectConfigurationPlatforms) = postSolution
		{E79C0E77-867E-4FF6-8F4A-24607DB70AFD}.Debug|Any CPU.ActiveCfg = Debug|Any CPU
		{E79C0E77-867E-4FF6-8F4A-24607DB70AFD}.Debug|Any CPU.Build.0 = Debug|Any CPU
		{E79C0E77-867E-4FF6-8F4A-24607DB70AFD}.Release|Any CPU.ActiveCfg = Release|Any CPU
		{E79C0E77-867E-4FF6-8F4A-24607DB70AFD}.Release|Any CPU.Build.0 = Release|Any CPU
		{84D1E822-B2C1-4D7C-A6A0-2BEFEE0EF3BC}.Debug|Any CPU.ActiveCfg = Debug|Any CPU
		{84D1E822-B2C1-4D7C-A6A0-2BEFEE0EF3BC}.Debug|Any CPU.Build.0 = Debug|Any CPU
		{84D1E822-B2C1-4D7C-A6A0-2BEFEE0EF3BC}.Release|Any CPU.ActiveCfg = Release|Any CPU
		{84D1E822-B2C1-4D7C-A6A0-2BEFEE0EF3BC}.Release|Any CPU.Build.0 = Release|Any CPU
		{2AA5AD9D-56AE-40AD-A358-01AEDEEB4193}.Debug|Any CPU.ActiveCfg = Debug|Any CPU
		{2AA5AD9D-56AE-40AD-A358-01AEDEEB4193}.Debug|Any CPU.Build.0 = Debug|Any CPU
		{2AA5AD9D-56AE-40AD-A358-01AEDEEB4193}.Release|Any CPU.ActiveCfg = Release|Any CPU
		{2AA5AD9D-56AE-40AD-A358-01AEDEEB4193}.Release|Any CPU.Build.0 = Release|Any CPU
		{1CC3AE7A-6194-4DAC-940E-B55E6F838A79}.Debug|Any CPU.ActiveCfg = Debug|Any CPU
		{1CC3AE7A-6194-4DAC-940E-B55E6F838A79}.Debug|Any CPU.Build.0 = Debug|Any CPU
		{1CC3AE7A-6194-4DAC-940E-B55E6F838A79}.Release|Any CPU.ActiveCfg = Release|Any CPU
		{1CC3AE7A-6194-4DAC-940E-B55E6F838A79}.Release|Any CPU.Build.0 = Release|Any CPU
	EndGlobalSection
	GlobalSection(SolutionProperties) = preSolution
		HideSolutionNode = FALSE
	EndGlobalSection
EndGlobal
